#MicroXplorer Configuration settings - do not modify
Dma.Request0=USART3_TX
Dma.RequestsNb=1
Dma.USART3_TX.0.Channel=DMA_CHANNEL_4
Dma.USART3_TX.0.Direction=DMA_MEMORY_TO_PERIPH
Dma.USART3_TX.0.FIFOMode=DMA_FIFOMODE_DISABLE
Dma.USART3_TX.0.Instance=DMA1_Stream3
Dma.USART3_TX.0.MemDataAlignment=DMA_MDATAALIGN_BYTE
Dma.USART3_TX.0.MemInc=DMA_MINC_ENABLE
Dma.USART3_TX.0.Mode=DMA_NORMAL
Dma.USART3_TX.0.PeriphDataAlignment=DMA_PDATAALIGN_BYTE
Dma.USART3_TX.0.PeriphInc=DMA_PINC_DISABLE
Dma.USART3_TX.0.Priority=DMA_PRIORITY_LOW
Dma.USART3_TX.0.RequestParameters=Instance,Channel,Direction,PeriphInc,MemInc,PeriphDataAlignment,MemDataAlignment,Mode,Priority,FIFOMode
ETH.IPParameters=MediaInterface,MACAddr,PhyAddress,PHY_READ_TO,PHY_WRITE_TO
ETH.MACAddr=00\:80\:E1\:00\:00\:02
ETH.MediaInterface=ETH_MEDIA_INTERFACE_RMII
ETH.PHY_READ_TO=0x0004FFFF
ETH.PHY_WRITE_TO=0x0004FFFF
ETH.PhyAddress=0
FREERTOS.IPParameters=Tasks01
FREERTOS.Tasks01=defaultTask,0,128,StartDefaultTask,Default
File.Version=6
KeepUserPlacement=false
LWIP.IPParameters=MEMP_NUM_UDP_PCB,MEMP_NUM_TCP_PCB,TCP_TTL,LWIP_NETIF_STATUS_CALLBACK,LWIP_NETIF_LINK_CALLBACK,LWIP_NETIF_LOOPBACK,LWIP_UDP,LWIP_DNS,LWIP_SO_RCVTIMEO,LWIP_SO_SNDTIMEO,LWIP_TCP_KEEPALIVE
LWIP.LWIP_DNS=1
LWIP.LWIP_NETIF_LINK_CALLBACK=1
LWIP.LWIP_NETIF_LOOPBACK=0
LWIP.LWIP_NETIF_STATUS_CALLBACK=1
LWIP.LWIP_SO_RCVTIMEO=1
LWIP.LWIP_SO_SNDTIMEO=1
LWIP.LWIP_TCP_KEEPALIVE=1
LWIP.LWIP_UDP=1
LWIP.MEMP_NUM_TCP_PCB=6
LWIP.MEMP_NUM_UDP_PCB=3
LWIP.TCP_TTL=63
Mcu.Family=STM32F4
Mcu.IP0=DMA
Mcu.IP1=ETH
Mcu.IP10=TIM7
Mcu.IP11=USART3
Mcu.IP2=FREERTOS
Mcu.IP3=LWIP
Mcu.IP4=NVIC
Mcu.IP5=RCC
Mcu.IP6=SDIO
Mcu.IP7=SPI2
Mcu.IP8=SYS
Mcu.IP9=TIM4
Mcu.IPNb=12
Mcu.Name=STM32F407V(E-G)Tx
Mcu.Package=LQFP100
Mcu.Pin0=PE6
Mcu.Pin1=PH0-OSC_IN
Mcu.Pin10=PA7
Mcu.Pin11=PC4
Mcu.Pin12=PC5
Mcu.Pin13=PB0
Mcu.Pin14=PE7
Mcu.Pin15=PE8
Mcu.Pin16=PE9
Mcu.Pin17=PB10
Mcu.Pin18=PB11
Mcu.Pin19=PB12
Mcu.Pin2=PH1-OSC_OUT
Mcu.Pin20=PB13
Mcu.Pin21=PD8
Mcu.Pin22=PD9
Mcu.Pin23=PD10
Mcu.Pin24=PD11
Mcu.Pin25=PD12
Mcu.Pin26=PD13
Mcu.Pin27=PD14
Mcu.Pin28=PD15
Mcu.Pin29=PC8
Mcu.Pin3=PC0
Mcu.Pin30=PC9
Mcu.Pin31=PA13
Mcu.Pin32=PA14
Mcu.Pin33=PC10
Mcu.Pin34=PC11
Mcu.Pin35=PC12
Mcu.Pin36=PD2
Mcu.Pin37=PD3
Mcu.Pin38=PD4
Mcu.Pin39=PB3
Mcu.Pin4=PC1
Mcu.Pin40=VP_FREERTOS_VS_ENABLE
Mcu.Pin41=VP_LWIP_VS_Enabled
Mcu.Pin42=VP_SYS_VS_tim6
Mcu.Pin43=VP_TIM4_VS_ClockSourceINT
Mcu.Pin44=VP_TIM7_VS_ClockSourceINT
Mcu.Pin5=PC2
Mcu.Pin6=PC3
Mcu.Pin7=PA0-WKUP
Mcu.Pin8=PA1
Mcu.Pin9=PA2
Mcu.PinsNb=45
Mcu.UserConstants=
Mcu.UserName=STM32F407VGTx
MxCube.Version=4.14.0
MxDb.Version=DB.4.0.140
NVIC.BusFault_IRQn=true\:0\:0\:false\:false\:true
NVIC.DMA1_Stream3_IRQn=true\:5\:0\:false\:false\:true
NVIC.DebugMonitor_IRQn=true\:0\:0\:false\:false\:true
NVIC.ETH_IRQn=true\:5\:0\:false\:false\:true
NVIC.HardFault_IRQn=true\:0\:0\:false\:false\:true
NVIC.MemoryManagement_IRQn=true\:0\:0\:false\:false\:true
NVIC.NonMaskableInt_IRQn=true\:0\:0\:false\:false\:true
NVIC.PriorityGroup=NVIC_PRIORITYGROUP_4
NVIC.SDIO_IRQn=true\:13\:0\:true\:false\:true
NVIC.SPI2_IRQn=true\:13\:0\:true\:false\:true
NVIC.SysTick_IRQn=true\:15\:0\:false\:false\:true
NVIC.TIM4_IRQn=true\:13\:0\:true\:false\:true
NVIC.TIM6_DAC_IRQn=true\:0\:0\:false\:false\:true
NVIC.TIM7_IRQn=true\:13\:0\:true\:false\:true
NVIC.TimeBase=TIM6_DAC_IRQn
NVIC.TimeBaseIP=TIM6
NVIC.USART3_IRQn=true\:13\:0\:true\:false\:true
NVIC.UsageFault_IRQn=true\:0\:0\:false\:false\:true
PA0-WKUP.GPIOParameters=GPIO_Label
PA0-WKUP.GPIO_Label=Flash_WP
PA0-WKUP.Locked=true
PA0-WKUP.Signal=GPIO_Output
PA1.Mode=RMII
PA1.Signal=ETH_REF_CLK
PA13.Mode=Trace-Asynchronous_SW
PA13.Signal=SYS_JTMS-SWDIO
PA14.Mode=Trace-Asynchronous_SW
PA14.Signal=SYS_JTCK-SWCLK
PA2.Mode=RMII
PA2.Signal=ETH_MDIO
PA7.Mode=RMII
PA7.Signal=ETH_CRS_DV
PB0.GPIOParameters=GPIO_Label
PB0.GPIO_Label=Flash_CS
PB0.Locked=true
PB0.Signal=GPIO_Output
PB10.GPIOParameters=GPIO_Speed,GPIO_PuPd
PB10.GPIO_PuPd=GPIO_PULLDOWN
PB10.GPIO_Speed=GPIO_SPEED_FREQ_HIGH
PB10.Mode=Full_Duplex_Master
PB10.Signal=SPI2_SCK
PB11.Mode=RMII
PB11.Signal=ETH_TX_EN
PB12.Mode=RMII
PB12.Signal=ETH_TXD0
PB13.Mode=RMII
PB13.Signal=ETH_TXD1
PB3.Mode=Trace-Asynchronous_SW
PB3.Signal=SYS_JTDO-SWO
PC0.GPIOParameters=GPIO_PuPd,GPIO_Label
PC0.GPIO_Label=ETH_RESET
PC0.GPIO_PuPd=GPIO_PULLDOWN
PC0.Locked=true
PC0.Signal=GPIO_Output
PC1.Mode=RMII
PC1.Signal=ETH_MDC
PC10.Mode=SD_4_bits_Wide_bus
PC10.Signal=SDIO_D2
PC11.Mode=SD_4_bits_Wide_bus
PC11.Signal=SDIO_D3
PC12.Mode=SD_4_bits_Wide_bus
PC12.Signal=SDIO_CK
PC2.GPIOParameters=GPIO_Speed
PC2.GPIO_Speed=GPIO_SPEED_FREQ_HIGH
PC2.Mode=Full_Duplex_Master
PC2.Signal=SPI2_MISO
PC3.GPIOParameters=GPIO_Speed
PC3.GPIO_Speed=GPIO_SPEED_FREQ_HIGH
PC3.Mode=Full_Duplex_Master
PC3.Signal=SPI2_MOSI
PC4.Mode=RMII
PC4.Signal=ETH_RXD0
PC5.Mode=RMII
PC5.Signal=ETH_RXD1
PC8.Mode=SD_4_bits_Wide_bus
PC8.Signal=SDIO_D0
PC9.Mode=SD_4_bits_Wide_bus
PC9.Signal=SDIO_D1
PCC.Checker=false
PCC.Line=STM32F407/417
PCC.MCU=STM32F407V(E-G)Tx
PCC.MXVersion=4.14.0
PCC.PartNumber=STM32F407VGTx
PCC.Seq0=0
PCC.Series=STM32F4
PCC.Temperature=25
PCC.Vdd=3.3
PD10.GPIOParameters=GPIO_Label
PD10.GPIO_Label=IO1
PD10.Locked=true
PD10.Signal=GPIO_Output
PD11.GPIOParameters=GPIO_Label
PD11.GPIO_Label=IO2
PD11.Locked=true
PD11.Signal=GPIO_Output
PD12.GPIOParameters=GPIO_Label
PD12.GPIO_Label=IO3
PD12.Locked=true
PD12.Signal=GPIO_Output
PD13.GPIOParameters=GPIO_Label
PD13.GPIO_Label=IO4
PD13.Locked=true
PD13.Signal=GPIO_Output
PD14.GPIOParameters=GPIO_Label
PD14.GPIO_Label=IO5
PD14.Locked=true
PD14.Signal=GPIO_Output
PD15.GPIOParameters=GPIO_Label
PD15.GPIO_Label=IO6
PD15.Locked=true
PD15.Signal=GPIO_Output
PD2.Mode=SD_4_bits_Wide_bus
PD2.Signal=SDIO_CMD
PD3.GPIOParameters=GPIO_Label
PD3.GPIO_Label=IO7
PD3.Locked=true
PD3.Signal=GPIO_Output
PD4.GPIOParameters=GPIO_Label
PD4.GPIO_Label=IO8
PD4.Locked=true
PD4.Signal=GPIO_Output
PD8.Locked=true
PD8.Mode=Asynchronous
PD8.Signal=USART3_TX
PD9.Mode=Asynchronous
PD9.Signal=USART3_RX
PE6.GPIOParameters=GPIO_PuPd,GPIO_Label
PE6.GPIO_Label=DH_DATA
PE6.GPIO_PuPd=GPIO_PULLUP
PE6.Locked=true
PE6.Signal=GPIO_Input
PE7.GPIOParameters=GPIO_Label
PE7.GPIO_Label=LED1
PE7.Locked=true
PE7.Signal=GPIO_Output
PE8.GPIOParameters=GPIO_Label
PE8.GPIO_Label=LED2
PE8.Locked=true
PE8.Signal=GPIO_Output
PE9.GPIOParameters=GPIO_Label
PE9.GPIO_Label=LED3
PE9.Locked=true
PE9.Signal=GPIO_Output
PH0-OSC_IN.Mode=HSE-External-Oscillator
PH0-OSC_IN.Signal=RCC_OSC_IN
PH1-OSC_OUT.Mode=HSE-External-Oscillator
PH1-OSC_OUT.Signal=RCC_OSC_OUT
ProjectManager.AskForMigrate=true
ProjectManager.BackupPrevious=false
ProjectManager.CompilerOptimize=2
ProjectManager.ComputerToolchain=false
ProjectManager.CoupleFile=false
ProjectManager.DeletePrevious=true
ProjectManager.DeviceId=STM32F407VGTx
ProjectManager.FirmwarePackage=STM32Cube FW_F4 V1.11.0
ProjectManager.FreePins=false
ProjectManager.HalAssertFull=false
ProjectManager.HeapSize=0x4000
ProjectManager.KeepUserCode=true
ProjectManager.LastFirmware=true
ProjectManager.LibraryCopy=0
ProjectManager.PreviousToolchain=
ProjectManager.ProjectBuild=false
ProjectManager.ProjectFileName=StartUp3_PV.ioc
ProjectManager.ProjectName=StartUp3_PV
ProjectManager.StackSize=0x4000
ProjectManager.TargetToolchain=MDK-ARM V5
ProjectManager.ToolChainLocation=
ProjectManager.UnderRoot=false
ProjectManager.functionlistsort=1-MX_GPIO_Init-GPIO-false,2-MX_DMA_Init-DMA-false,3-MX_SDIO_SD_Init-SDIO-false,4-MX_SPI2_Init-SPI2-false,5-MX_TIM7_Init-TIM7-false,6-MX_USART3_UART_Init-USART3-false,7-MX_LWIP_Init-LWIP-false,8-MX_TIM4_Init-TIM4-false
RCC.48MHZClocksFreq_Value=48000000
RCC.AHBFreq_Value=120000000
RCC.APB1CLKDivider=RCC_HCLK_DIV4
RCC.APB1Freq_Value=30000000
RCC.APB1TimFreq_Value=60000000
RCC.APB2CLKDivider=RCC_HCLK_DIV2
RCC.APB2Freq_Value=60000000
RCC.APB2TimFreq_Value=120000000
RCC.CortexFreq_Value=120000000
RCC.EthernetFreq_Value=120000000
RCC.FCLKCortexFreq_Value=120000000
RCC.FamilyName=M
RCC.HCLKFreq_Value=120000000
RCC.HSE_VALUE=25000000
RCC.HSI_VALUE=16000000
RCC.I2SClocksFreq_Value=160000000
RCC.IPParameters=FamilyName,HSE_VALUE,RTCHSEDivFreq_Value,HSI_VALUE,SYSCLKFreq_VALUE,AHBFreq_Value,CortexFreq_Value,APB1Freq_Value,APB2Freq_Value,LSI_VALUE,RTCFreq_Value,VCOInputFreq_Value,VCOOutputFreq_Value,PLLCLKFreq_Value,PLLQCLKFreq_Value,VCOI2SOutputFreq_Value,VcooutputI2S,I2SClocksFreq_Value,48MHZClocksFreq_Value,SYSCLKSource,HCLKFreq_Value,FCLKCortexFreq_Value,APB1TimFreq_Value,APB2TimFreq_Value,EthernetFreq_Value,MCO2PinFreq_Value,APB1CLKDivider,PLLQ,PLLSourceVirtual,PLLM,PLLN,APB2CLKDivider,LSE_VALUE
RCC.LSE_VALUE=32768
RCC.LSI_VALUE=32000
RCC.MCO2PinFreq_Value=120000000
RCC.PLLCLKFreq_Value=120000000
RCC.PLLM=15
RCC.PLLN=144
RCC.PLLQ=5
RCC.PLLQCLKFreq_Value=48000000
RCC.PLLSourceVirtual=RCC_PLLSOURCE_HSE
RCC.RTCFreq_Value=32000
RCC.RTCHSEDivFreq_Value=12500000
RCC.SYSCLKFreq_VALUE=120000000
RCC.SYSCLKSource=RCC_SYSCLKSOURCE_PLLCLK
RCC.VCOI2SOutputFreq_Value=320000000
RCC.VCOInputFreq_Value=1666666.6666666667
RCC.VCOOutputFreq_Value=240000000
RCC.VcooutputI2S=160000000
SDIO.BusWide=SDIO_BUS_WIDE_1B
SDIO.IPParameters=BusWide,WideMode
SDIO.WideMode=SDIO_BUS_WIDE_4B
SPI2.BaudRatePrescaler=SPI_BAUDRATEPRESCALER_4
SPI2.CalculateBaudRate=7.5 MBits/s
SPI2.IPParameters=Mode,CalculateBaudRate,BaudRatePrescaler
SPI2.Mode=SPI_MODE_MASTER
TIM4.ClockDivision=TIM_CLOCKDIVISION_DIV1
TIM4.IPParameters=Prescaler,Period,ClockDivision
TIM4.Period=0xffff
TIM4.Prescaler=59
TIM7.IPParameters=Prescaler,Period
TIM7.Period=1750
TIM7.Prescaler=59
USART3.IPParameters=OverSampling
USART3.OverSampling=UART_OVERSAMPLING_16
VP_FREERTOS_VS_ENABLE.Mode=Enabled
VP_FREERTOS_VS_ENABLE.Signal=FREERTOS_VS_ENABLE
VP_LWIP_VS_Enabled.Mode=Enabled
VP_LWIP_VS_Enabled.Signal=LWIP_VS_Enabled
VP_SYS_VS_tim6.Mode=TIM6
VP_SYS_VS_tim6.Signal=SYS_VS_tim6
VP_TIM4_VS_ClockSourceINT.Mode=Internal
VP_TIM4_VS_ClockSourceINT.Signal=TIM4_VS_ClockSourceINT
VP_TIM7_VS_ClockSourceINT.Mode=Enable_Timer
VP_TIM7_VS_ClockSourceINT.Signal=TIM7_VS_ClockSourceINT
board=StartUp3_PV
